// !$*UTF8*$!
{
	archiveVersion = 1;
	classes = {
	};
	objectVersion = 56;
	objects = {

/* Begin PBXBuildFile section */
		637DCAE3295C5E7700DDF50F /* AppDelegate.swift in Sources */ = {isa = PBXBuildFile; fileRef = 637DCAE2295C5E7700DDF50F /* AppDelegate.swift */; };
		637DCAE5295C5E7700DDF50F /* SceneDelegate.swift in Sources */ = {isa = PBXBuildFile; fileRef = 637DCAE4295C5E7700DDF50F /* SceneDelegate.swift */; };
		637DCAEC295C5E7900DDF50F /* Assets.xcassets in Resources */ = {isa = PBXBuildFile; fileRef = 637DCAEB295C5E7900DDF50F /* Assets.xcassets */; };
		637DCAEF295C5E7900DDF50F /* LaunchScreen.storyboard in Resources */ = {isa = PBXBuildFile; fileRef = 637DCAED295C5E7900DDF50F /* LaunchScreen.storyboard */; };
		637DCAF7295C5FE900DDF50F /* TabBarController.swift in Sources */ = {isa = PBXBuildFile; fileRef = 637DCAF6295C5FE900DDF50F /* TabBarController.swift */; };
		637DCAFA295C67CD00DDF50F /* SnapKit in Frameworks */ = {isa = PBXBuildFile; productRef = 637DCAF9295C67CD00DDF50F /* SnapKit */; };
		637DCAFD295C67FD00DDF50F /* Kingfisher in Frameworks */ = {isa = PBXBuildFile; productRef = 637DCAFC295C67FD00DDF50F /* Kingfisher */; };
		637DCB02295C72C100DDF50F /* TodayViewController.swift in Sources */ = {isa = PBXBuildFile; fileRef = 637DCB01295C72C100DDF50F /* TodayViewController.swift */; };
		637DCB05295C7EB300DDF50F /* TodayCollectionViewCell.swift in Sources */ = {isa = PBXBuildFile; fileRef = 637DCB04295C7EB300DDF50F /* TodayCollectionViewCell.swift */; };
		637DCB07295D999400DDF50F /* TodayCollectionHeaderView.swift in Sources */ = {isa = PBXBuildFile; fileRef = 637DCB06295D999400DDF50F /* TodayCollectionHeaderView.swift */; };
		637DCB0A295DCC5A00DDF50F /* AppViewController.swift in Sources */ = {isa = PBXBuildFile; fileRef = 637DCB09295DCC5A00DDF50F /* AppViewController.swift */; };
		637DCB0C295DD32F00DDF50F /* FeatureSectionView.swift in Sources */ = {isa = PBXBuildFile; fileRef = 637DCB0B295DD32F00DDF50F /* FeatureSectionView.swift */; };
		637DCB0F295DDB5500DDF50F /* FeatureSectionCollectionViewCell.swift in Sources */ = {isa = PBXBuildFile; fileRef = 637DCB0E295DDB5500DDF50F /* FeatureSectionCollectionViewCell.swift */; };
		637DCB11295DEDC000DDF50F /* SeparatiorView.swift in Sources */ = {isa = PBXBuildFile; fileRef = 637DCB10295DEDC000DDF50F /* SeparatiorView.swift */; };
		637DCB13295EA35F00DDF50F /* RankingFeatureSectionView.swift in Sources */ = {isa = PBXBuildFile; fileRef = 637DCB12295EA35F00DDF50F /* RankingFeatureSectionView.swift */; };
		637DCB15295EAF5000DDF50F /* RankingFeatureCollectionViewCell.swift in Sources */ = {isa = PBXBuildFile; fileRef = 637DCB14295EAF5000DDF50F /* RankingFeatureCollectionViewCell.swift */; };
		637DCB17295EB87E00DDF50F /* ExchangeCodeButtonView.swift in Sources */ = {isa = PBXBuildFile; fileRef = 637DCB16295EB87E00DDF50F /* ExchangeCodeButtonView.swift */; };
/* End PBXBuildFile section */

/* Begin PBXFileReference section */
		637DCADF295C5E7700DDF50F /* CloneAppStore.app */ = {isa = PBXFileReference; explicitFileType = wrapper.application; includeInIndex = 0; path = CloneAppStore.app; sourceTree = BUILT_PRODUCTS_DIR; };
		637DCAE2295C5E7700DDF50F /* AppDelegate.swift */ = {isa = PBXFileReference; lastKnownFileType = sourcecode.swift; path = AppDelegate.swift; sourceTree = "<group>"; };
		637DCAE4295C5E7700DDF50F /* SceneDelegate.swift */ = {isa = PBXFileReference; lastKnownFileType = sourcecode.swift; path = SceneDelegate.swift; sourceTree = "<group>"; };
		637DCAEB295C5E7900DDF50F /* Assets.xcassets */ = {isa = PBXFileReference; lastKnownFileType = folder.assetcatalog; path = Assets.xcassets; sourceTree = "<group>"; };
		637DCAEE295C5E7900DDF50F /* Base */ = {isa = PBXFileReference; lastKnownFileType = file.storyboard; name = Base; path = Base.lproj/LaunchScreen.storyboard; sourceTree = "<group>"; };
		637DCAF0295C5E7900DDF50F /* Info.plist */ = {isa = PBXFileReference; lastKnownFileType = text.plist.xml; path = Info.plist; sourceTree = "<group>"; };
		637DCAF6295C5FE900DDF50F /* TabBarController.swift */ = {isa = PBXFileReference; lastKnownFileType = sourcecode.swift; path = TabBarController.swift; sourceTree = "<group>"; };
		637DCB01295C72C100DDF50F /* TodayViewController.swift */ = {isa = PBXFileReference; lastKnownFileType = sourcecode.swift; path = TodayViewController.swift; sourceTree = "<group>"; };
		637DCB04295C7EB300DDF50F /* TodayCollectionViewCell.swift */ = {isa = PBXFileReference; lastKnownFileType = sourcecode.swift; path = TodayCollectionViewCell.swift; sourceTree = "<group>"; };
		637DCB06295D999400DDF50F /* TodayCollectionHeaderView.swift */ = {isa = PBXFileReference; lastKnownFileType = sourcecode.swift; path = TodayCollectionHeaderView.swift; sourceTree = "<group>"; };
		637DCB09295DCC5A00DDF50F /* AppViewController.swift */ = {isa = PBXFileReference; lastKnownFileType = sourcecode.swift; path = AppViewController.swift; sourceTree = "<group>"; };
		637DCB0B295DD32F00DDF50F /* FeatureSectionView.swift */ = {isa = PBXFileReference; lastKnownFileType = sourcecode.swift; path = FeatureSectionView.swift; sourceTree = "<group>"; };
		637DCB0E295DDB5500DDF50F /* FeatureSectionCollectionViewCell.swift */ = {isa = PBXFileReference; lastKnownFileType = sourcecode.swift; path = FeatureSectionCollectionViewCell.swift; sourceTree = "<group>"; };
		637DCB10295DEDC000DDF50F /* SeparatiorView.swift */ = {isa = PBXFileReference; lastKnownFileType = sourcecode.swift; path = SeparatiorView.swift; sourceTree = "<group>"; };
		637DCB12295EA35F00DDF50F /* RankingFeatureSectionView.swift */ = {isa = PBXFileReference; lastKnownFileType = sourcecode.swift; path = RankingFeatureSectionView.swift; sourceTree = "<group>"; };
		637DCB14295EAF5000DDF50F /* RankingFeatureCollectionViewCell.swift */ = {isa = PBXFileReference; lastKnownFileType = sourcecode.swift; path = RankingFeatureCollectionViewCell.swift; sourceTree = "<group>"; };
		637DCB16295EB87E00DDF50F /* ExchangeCodeButtonView.swift */ = {isa = PBXFileReference; lastKnownFileType = sourcecode.swift; path = ExchangeCodeButtonView.swift; sourceTree = "<group>"; };
/* End PBXFileReference section */

/* Begin PBXFrameworksBuildPhase section */
		637DCADC295C5E7700DDF50F /* Frameworks */ = {
			isa = PBXFrameworksBuildPhase;
			buildActionMask = 2147483647;
			files = (
				637DCAFD295C67FD00DDF50F /* Kingfisher in Frameworks */,
				637DCAFA295C67CD00DDF50F /* SnapKit in Frameworks */,
			);
			runOnlyForDeploymentPostprocessing = 0;
		};
/* End PBXFrameworksBuildPhase section */

/* Begin PBXGroup section */
		637DCAD6295C5E7700DDF50F = {
			isa = PBXGroup;
			children = (
				637DCAFF295C72A000DDF50F /* Model */,
				637DCAE1295C5E7700DDF50F /* CloneAppStore */,
				637DCAE0295C5E7700DDF50F /* Products */,
			);
			sourceTree = "<group>";
		};
		637DCAE0295C5E7700DDF50F /* Products */ = {
			isa = PBXGroup;
			children = (
				637DCADF295C5E7700DDF50F /* CloneAppStore.app */,
			);
			name = Products;
			sourceTree = "<group>";
		};
		637DCAE1295C5E7700DDF50F /* CloneAppStore */ = {
			isa = PBXGroup;
			children = (
				637DCAE2295C5E7700DDF50F /* AppDelegate.swift */,
				637DCAE4295C5E7700DDF50F /* SceneDelegate.swift */,
				637DCB08295DCC4000DDF50F /* AppView */,
				637DCAFE295C728D00DDF50F /* Scenes */,
				637DCAEB295C5E7900DDF50F /* Assets.xcassets */,
				637DCAED295C5E7900DDF50F /* LaunchScreen.storyboard */,
				637DCAF0295C5E7900DDF50F /* Info.plist */,
			);
			path = CloneAppStore;
			sourceTree = "<group>";
		};
		637DCAFE295C728D00DDF50F /* Scenes */ = {
			isa = PBXGroup;
			children = (
				637DCAF6295C5FE900DDF50F /* TabBarController.swift */,
				637DCB00295C72A900DDF50F /* Today */,
			);
			path = Scenes;
			sourceTree = "<group>";
		};
		637DCAFF295C72A000DDF50F /* Model */ = {
			isa = PBXGroup;
			children = (
			);
			path = Model;
			sourceTree = "<group>";
		};
		637DCB00295C72A900DDF50F /* Today */ = {
			isa = PBXGroup;
			children = (
				637DCB01295C72C100DDF50F /* TodayViewController.swift */,
				637DCB06295D999400DDF50F /* TodayCollectionHeaderView.swift */,
				637DCB03295C7E9E00DDF50F /* Cell */,
			);
			path = Today;
			sourceTree = "<group>";
		};
		637DCB03295C7E9E00DDF50F /* Cell */ = {
			isa = PBXGroup;
			children = (
				637DCB04295C7EB300DDF50F /* TodayCollectionViewCell.swift */,
			);
			path = Cell;
			sourceTree = "<group>";
		};
		637DCB08295DCC4000DDF50F /* AppView */ = {
			isa = PBXGroup;
			children = (
				637DCB09295DCC5A00DDF50F /* AppViewController.swift */,
				637DCB0B295DD32F00DDF50F /* FeatureSectionView.swift */,
				637DCB10295DEDC000DDF50F /* SeparatiorView.swift */,
				637DCB12295EA35F00DDF50F /* RankingFeatureSectionView.swift */,
				637DCB16295EB87E00DDF50F /* ExchangeCodeButtonView.swift */,
				637DCB0D295DDB3F00DDF50F /* Cell */,
			);
			path = AppView;
			sourceTree = "<group>";
		};
		637DCB0D295DDB3F00DDF50F /* Cell */ = {
			isa = PBXGroup;
			children = (
				637DCB0E295DDB5500DDF50F /* FeatureSectionCollectionViewCell.swift */,
				637DCB14295EAF5000DDF50F /* RankingFeatureCollectionViewCell.swift */,
			);
			path = Cell;
			sourceTree = "<group>";
		};
/* End PBXGroup section */

/* Begin PBXNativeTarget section */
		637DCADE295C5E7700DDF50F /* CloneAppStore */ = {
			isa = PBXNativeTarget;
			buildConfigurationList = 637DCAF3295C5E7900DDF50F /* Build configuration list for PBXNativeTarget "CloneAppStore" */;
			buildPhases = (
				637DCADB295C5E7700DDF50F /* Sources */,
				637DCADC295C5E7700DDF50F /* Frameworks */,
				637DCADD295C5E7700DDF50F /* Resources */,
			);
			buildRules = (
			);
			dependencies = (
			);
			name = CloneAppStore;
			packageProductDependencies = (
				637DCAF9295C67CD00DDF50F /* SnapKit */,
				637DCAFC295C67FD00DDF50F /* Kingfisher */,
			);
			productName = CloneAppStore;
			productReference = 637DCADF295C5E7700DDF50F /* CloneAppStore.app */;
			productType = "com.apple.product-type.application";
		};
/* End PBXNativeTarget section */

/* Begin PBXProject section */
		637DCAD7295C5E7700DDF50F /* Project object */ = {
			isa = PBXProject;
			attributes = {
				BuildIndependentTargetsInParallel = 1;
				LastSwiftUpdateCheck = 1400;
				LastUpgradeCheck = 1400;
				TargetAttributes = {
					637DCADE295C5E7700DDF50F = {
						CreatedOnToolsVersion = 14.0;
					};
				};
			};
			buildConfigurationList = 637DCADA295C5E7700DDF50F /* Build configuration list for PBXProject "CloneAppStore" */;
			compatibilityVersion = "Xcode 14.0";
			developmentRegion = en;
			hasScannedForEncodings = 0;
			knownRegions = (
				en,
				Base,
			);
			mainGroup = 637DCAD6295C5E7700DDF50F;
			packageReferences = (
				637DCAF8295C67CD00DDF50F /* XCRemoteSwiftPackageReference "SnapKit" */,
				637DCAFB295C67FD00DDF50F /* XCRemoteSwiftPackageReference "Kingfisher" */,
			);
			productRefGroup = 637DCAE0295C5E7700DDF50F /* Products */;
			projectDirPath = "";
			projectRoot = "";
			targets = (
				637DCADE295C5E7700DDF50F /* CloneAppStore */,
			);
		};
/* End PBXProject section */

/* Begin PBXResourcesBuildPhase section */
		637DCADD295C5E7700DDF50F /* Resources */ = {
			isa = PBXResourcesBuildPhase;
			buildActionMask = 2147483647;
			files = (
				637DCAEF295C5E7900DDF50F /* LaunchScreen.storyboard in Resources */,
				637DCAEC295C5E7900DDF50F /* Assets.xcassets in Resources */,
			);
			runOnlyForDeploymentPostprocessing = 0;
		};
/* End PBXResourcesBuildPhase section */

/* Begin PBXSourcesBuildPhase section */
		637DCADB295C5E7700DDF50F /* Sources */ = {
			isa = PBXSourcesBuildPhase;
			buildActionMask = 2147483647;
			files = (
				637DCB02295C72C100DDF50F /* TodayViewController.swift in Sources */,
				637DCAF7295C5FE900DDF50F /* TabBarController.swift in Sources */,
				637DCB17295EB87E00DDF50F /* ExchangeCodeButtonView.swift in Sources */,
				637DCAE3295C5E7700DDF50F /* AppDelegate.swift in Sources */,
				637DCB07295D999400DDF50F /* TodayCollectionHeaderView.swift in Sources */,
				637DCB11295DEDC000DDF50F /* SeparatiorView.swift in Sources */,
				637DCB0A295DCC5A00DDF50F /* AppViewController.swift in Sources */,
				637DCB0F295DDB5500DDF50F /* FeatureSectionCollectionViewCell.swift in Sources */,
				637DCAE5295C5E7700DDF50F /* SceneDelegate.swift in Sources */,
				637DCB05295C7EB300DDF50F /* TodayCollectionViewCell.swift in Sources */,
				637DCB0C295DD32F00DDF50F /* FeatureSectionView.swift in Sources */,
				637DCB15295EAF5000DDF50F /* RankingFeatureCollectionViewCell.swift in Sources */,
				637DCB13295EA35F00DDF50F /* RankingFeatureSectionView.swift in Sources */,
			);
			runOnlyForDeploymentPostprocessing = 0;
		};
/* End PBXSourcesBuildPhase section */

/* Begin PBXVariantGroup section */
		637DCAED295C5E7900DDF50F /* LaunchScreen.storyboard */ = {
			isa = PBXVariantGroup;
			children = (
				637DCAEE295C5E7900DDF50F /* Base */,
			);
			name = LaunchScreen.storyboard;
			sourceTree = "<group>";
		};
/* End PBXVariantGroup section */

/* Begin XCBuildConfiguration section */
		637DCAF1295C5E7900DDF50F /* Debug */ = {
			isa = XCBuildConfiguration;
			buildSettings = {
				ALWAYS_SEARCH_USER_PATHS = NO;
				CLANG_ANALYZER_NONNULL = YES;
				CLANG_ANALYZER_NUMBER_OBJECT_CONVERSION = YES_AGGRESSIVE;
				CLANG_CXX_LANGUAGE_STANDARD = "gnu++20";
				CLANG_ENABLE_MODULES = YES;
				CLANG_ENABLE_OBJC_ARC = YES;
				CLANG_ENABLE_OBJC_WEAK = YES;
				CLANG_WARN_BLOCK_CAPTURE_AUTORELEASING = YES;
				CLANG_WARN_BOOL_CONVERSION = YES;
				CLANG_WARN_COMMA = YES;
				CLANG_WARN_CONSTANT_CONVERSION = YES;
				CLANG_WARN_DEPRECATED_OBJC_IMPLEMENTATIONS = YES;
				CLANG_WARN_DIRECT_OBJC_ISA_USAGE = YES_ERROR;
				CLANG_WARN_DOCUMENTATION_COMMENTS = YES;
				CLANG_WARN_EMPTY_BODY = YES;
				CLANG_WARN_ENUM_CONVERSION = YES;
				CLANG_WARN_INFINITE_RECURSION = YES;
				CLANG_WARN_INT_CONVERSION = YES;
				CLANG_WARN_NON_LITERAL_NULL_CONVERSION = YES;
				CLANG_WARN_OBJC_IMPLICIT_RETAIN_SELF = YES;
				CLANG_WARN_OBJC_LITERAL_CONVERSION = YES;
				CLANG_WARN_OBJC_ROOT_CLASS = YES_ERROR;
				CLANG_WARN_QUOTED_INCLUDE_IN_FRAMEWORK_HEADER = YES;
				CLANG_WARN_RANGE_LOOP_ANALYSIS = YES;
				CLANG_WARN_STRICT_PROTOTYPES = YES;
				CLANG_WARN_SUSPICIOUS_MOVE = YES;
				CLANG_WARN_UNGUARDED_AVAILABILITY = YES_AGGRESSIVE;
				CLANG_WARN_UNREACHABLE_CODE = YES;
				CLANG_WARN__DUPLICATE_METHOD_MATCH = YES;
				COPY_PHASE_STRIP = NO;
				DEBUG_INFORMATION_FORMAT = dwarf;
				ENABLE_STRICT_OBJC_MSGSEND = YES;
				ENABLE_TESTABILITY = YES;
				GCC_C_LANGUAGE_STANDARD = gnu11;
				GCC_DYNAMIC_NO_PIC = NO;
				GCC_NO_COMMON_BLOCKS = YES;
				GCC_OPTIMIZATION_LEVEL = 0;
				GCC_PREPROCESSOR_DEFINITIONS = (
					"DEBUG=1",
					"$(inherited)",
				);
				GCC_WARN_64_TO_32_BIT_CONVERSION = YES;
				GCC_WARN_ABOUT_RETURN_TYPE = YES_ERROR;
				GCC_WARN_UNDECLARED_SELECTOR = YES;
				GCC_WARN_UNINITIALIZED_AUTOS = YES_AGGRESSIVE;
				GCC_WARN_UNUSED_FUNCTION = YES;
				GCC_WARN_UNUSED_VARIABLE = YES;
				IPHONEOS_DEPLOYMENT_TARGET = 16.0;
				MTL_ENABLE_DEBUG_INFO = INCLUDE_SOURCE;
				MTL_FAST_MATH = YES;
				ONLY_ACTIVE_ARCH = YES;
				SDKROOT = iphoneos;
				SWIFT_ACTIVE_COMPILATION_CONDITIONS = DEBUG;
				SWIFT_OPTIMIZATION_LEVEL = "-Onone";
			};
			name = Debug;
		};
		637DCAF2295C5E7900DDF50F /* Release */ = {
			isa = XCBuildConfiguration;
			buildSettings = {
				ALWAYS_SEARCH_USER_PATHS = NO;
				CLANG_ANALYZER_NONNULL = YES;
				CLANG_ANALYZER_NUMBER_OBJECT_CONVERSION = YES_AGGRESSIVE;
				CLANG_CXX_LANGUAGE_STANDARD = "gnu++20";
				CLANG_ENABLE_MODULES = YES;
				CLANG_ENABLE_OBJC_ARC = YES;
				CLANG_ENABLE_OBJC_WEAK = YES;
				CLANG_WARN_BLOCK_CAPTURE_AUTORELEASING = YES;
				CLANG_WARN_BOOL_CONVERSION = YES;
				CLANG_WARN_COMMA = YES;
				CLANG_WARN_CONSTANT_CONVERSION = YES;
				CLANG_WARN_DEPRECATED_OBJC_IMPLEMENTATIONS = YES;
				CLANG_WARN_DIRECT_OBJC_ISA_USAGE = YES_ERROR;
				CLANG_WARN_DOCUMENTATION_COMMENTS = YES;
				CLANG_WARN_EMPTY_BODY = YES;
				CLANG_WARN_ENUM_CONVERSION = YES;
				CLANG_WARN_INFINITE_RECURSION = YES;
				CLANG_WARN_INT_CONVERSION = YES;
				CLANG_WARN_NON_LITERAL_NULL_CONVERSION = YES;
				CLANG_WARN_OBJC_IMPLICIT_RETAIN_SELF = YES;
				CLANG_WARN_OBJC_LITERAL_CONVERSION = YES;
				CLANG_WARN_OBJC_ROOT_CLASS = YES_ERROR;
				CLANG_WARN_QUOTED_INCLUDE_IN_FRAMEWORK_HEADER = YES;
				CLANG_WARN_RANGE_LOOP_ANALYSIS = YES;
				CLANG_WARN_STRICT_PROTOTYPES = YES;
				CLANG_WARN_SUSPICIOUS_MOVE = YES;
				CLANG_WARN_UNGUARDED_AVAILABILITY = YES_AGGRESSIVE;
				CLANG_WARN_UNREACHABLE_CODE = YES;
				CLANG_WARN__DUPLICATE_METHOD_MATCH = YES;
				COPY_PHASE_STRIP = NO;
				DEBUG_INFORMATION_FORMAT = "dwarf-with-dsym";
				ENABLE_NS_ASSERTIONS = NO;
				ENABLE_STRICT_OBJC_MSGSEND = YES;
				GCC_C_LANGUAGE_STANDARD = gnu11;
				GCC_NO_COMMON_BLOCKS = YES;
				GCC_WARN_64_TO_32_BIT_CONVERSION = YES;
				GCC_WARN_ABOUT_RETURN_TYPE = YES_ERROR;
				GCC_WARN_UNDECLARED_SELECTOR = YES;
				GCC_WARN_UNINITIALIZED_AUTOS = YES_AGGRESSIVE;
				GCC_WARN_UNUSED_FUNCTION = YES;
				GCC_WARN_UNUSED_VARIABLE = YES;
				IPHONEOS_DEPLOYMENT_TARGET = 16.0;
				MTL_ENABLE_DEBUG_INFO = NO;
				MTL_FAST_MATH = YES;
				SDKROOT = iphoneos;
				SWIFT_COMPILATION_MODE = wholemodule;
				SWIFT_OPTIMIZATION_LEVEL = "-O";
				VALIDATE_PRODUCT = YES;
			};
			name = Release;
		};
		637DCAF4295C5E7900DDF50F /* Debug */ = {
			isa = XCBuildConfiguration;
			buildSettings = {
				ASSETCATALOG_COMPILER_APPICON_NAME = AppIcon;
				ASSETCATALOG_COMPILER_GLOBAL_ACCENT_COLOR_NAME = AccentColor;
				CODE_SIGN_STYLE = Automatic;
				CURRENT_PROJECT_VERSION = 1;
				GENERATE_INFOPLIST_FILE = YES;
				INFOPLIST_FILE = CloneAppStore/Info.plist;
				INFOPLIST_KEY_UIApplicationSupportsIndirectInputEvents = YES;
				INFOPLIST_KEY_UILaunchStoryboardName = LaunchScreen;
				INFOPLIST_KEY_UISupportedInterfaceOrientations_iPad = "UIInterfaceOrientationPortrait UIInterfaceOrientationPortraitUpsideDown UIInterfaceOrientationLandscapeLeft UIInterfaceOrientationLandscapeRight";
				INFOPLIST_KEY_UISupportedInterfaceOrientations_iPhone = "UIInterfaceOrientationPortrait UIInterfaceOrientationLandscapeLeft UIInterfaceOrientationLandscapeRight";
				LD_RUNPATH_SEARCH_PATHS = (
					"$(inherited)",
					"@executable_path/Frameworks",
				);
				MARKETING_VERSION = 1.0;
				PRODUCT_BUNDLE_IDENTIFIER = kr.co.hemg2.CloneAppStore;
				PRODUCT_NAME = "$(TARGET_NAME)";
				SWIFT_EMIT_LOC_STRINGS = YES;
				SWIFT_VERSION = 5.0;
				TARGETED_DEVICE_FAMILY = "1,2";
			};
			name = Debug;
		};
		637DCAF5295C5E7900DDF50F /* Release */ = {
			isa = XCBuildConfiguration;
			buildSettings = {
				ASSETCATALOG_COMPILER_APPICON_NAME = AppIcon;
				ASSETCATALOG_COMPILER_GLOBAL_ACCENT_COLOR_NAME = AccentColor;
				CODE_SIGN_STYLE = Automatic;
				CURRENT_PROJECT_VERSION = 1;
				GENERATE_INFOPLIST_FILE = YES;
				INFOPLIST_FILE = CloneAppStore/Info.plist;
				INFOPLIST_KEY_UIApplicationSupportsIndirectInputEvents = YES;
				INFOPLIST_KEY_UILaunchStoryboardName = LaunchScreen;
				INFOPLIST_KEY_UISupportedInterfaceOrientations_iPad = "UIInterfaceOrientationPortrait UIInterfaceOrientationPortraitUpsideDown UIInterfaceOrientationLandscapeLeft UIInterfaceOrientationLandscapeRight";
				INFOPLIST_KEY_UISupportedInterfaceOrientations_iPhone = "UIInterfaceOrientationPortrait UIInterfaceOrientationLandscapeLeft UIInterfaceOrientationLandscapeRight";
				LD_RUNPATH_SEARCH_PATHS = (
					"$(inherited)",
					"@executable_path/Frameworks",
				);
				MARKETING_VERSION = 1.0;
				PRODUCT_BUNDLE_IDENTIFIER = kr.co.hemg2.CloneAppStore;
				PRODUCT_NAME = "$(TARGET_NAME)";
				SWIFT_EMIT_LOC_STRINGS = YES;
				SWIFT_VERSION = 5.0;
				TARGETED_DEVICE_FAMILY = "1,2";
			};
			name = Release;
		};
/* End XCBuildConfiguration section */

/* Begin XCConfigurationList section */
		637DCADA295C5E7700DDF50F /* Build configuration list for PBXProject "CloneAppStore" */ = {
			isa = XCConfigurationList;
			buildConfigurations = (
				637DCAF1295C5E7900DDF50F /* Debug */,
				637DCAF2295C5E7900DDF50F /* Release */,
			);
			defaultConfigurationIsVisible = 0;
			defaultConfigurationName = Release;
		};
		637DCAF3295C5E7900DDF50F /* Build configuration list for PBXNativeTarget "CloneAppStore" */ = {
			isa = XCConfigurationList;
			buildConfigurations = (
				637DCAF4295C5E7900DDF50F /* Debug */,
				637DCAF5295C5E7900DDF50F /* Release */,
			);
			defaultConfigurationIsVisible = 0;
			defaultConfigurationName = Release;
		};
/* End XCConfigurationList section */

/* Begin XCRemoteSwiftPackageReference section */
		637DCAF8295C67CD00DDF50F /* XCRemoteSwiftPackageReference "SnapKit" */ = {
			isa = XCRemoteSwiftPackageReference;
			repositoryURL = "https://github.com/SnapKit/SnapKit.git";
			requirement = {
				kind = upToNextMajorVersion;
				minimumVersion = 5.0.0;
			};
		};
		637DCAFB295C67FD00DDF50F /* XCRemoteSwiftPackageReference "Kingfisher" */ = {
			isa = XCRemoteSwiftPackageReference;
			repositoryURL = "https://github.com/onevcat/Kingfisher.git";
			requirement = {
				kind = upToNextMajorVersion;
				minimumVersion = 7.0.0;
			};
		};
/* End XCRemoteSwiftPackageReference section */

/* Begin XCSwiftPackageProductDependency section */
		637DCAF9295C67CD00DDF50F /* SnapKit */ = {
			isa = XCSwiftPackageProductDependency;
			package = 637DCAF8295C67CD00DDF50F /* XCRemoteSwiftPackageReference "SnapKit" */;
			productName = SnapKit;
		};
		637DCAFC295C67FD00DDF50F /* Kingfisher */ = {
			isa = XCSwiftPackageProductDependency;
			package = 637DCAFB295C67FD00DDF50F /* XCRemoteSwiftPackageReference "Kingfisher" */;
			productName = Kingfisher;
		};
/* End XCSwiftPackageProductDependency section */
	};
	rootObject = 637DCAD7295C5E7700DDF50F /* Project object */;
}
